
Microsoft Visual Studio Solution File, Format Version 12.00
# Visual Studio 15
VisualStudioVersion = 15.0.28010.2048
MinimumVisualStudioVersion = 10.0.40219.1
Project("{888888A0-9F3D-457C-B088-3A5042F75D52}") = "alfalfa_csv_compile", "alfalfa_csv_compile\alfalfa_csv_compile.pyproj", "{4ACE651F-5092-4BC0-A45D-3D3B195CE77F}"
EndProject
Global
	GlobalSection(SolutionConfigurationPlatforms) = preSolution
		Debug|Any CPU = Debug|Any CPU
		Release|Any CPU = Release|Any CPU
	EndGlobalSection
	GlobalSection(ProjectConfigurationPlatforms) = postSolution
		{4ACE651F-5092-4BC0-A45D-3D3B195CE77F}.Debug|Any CPU.ActiveCfg = Debug|Any CPU
		{4ACE651F-5092-4BC0-A45D-3D3B195CE77F}.Release|Any CPU.ActiveCfg = Release|Any CPU
	EndGlobalSection
	GlobalSection(SolutionProperties) = preSolution
		HideSolutionNode = FALSE
	EndGlobalSection
	GlobalSection(ExtensibilityGlobals) = postSolution
		SolutionGuid = {F535E9AB-1EC3-4E96-8273-8BBAC049C981}
	EndGlobalSection
EndGlobal
